
Microsoft Visual Studio Solution File, Format Version 12.00
# Visual Studio Version 16
VisualStudioVersion = 16.0.30204.135
MinimumVisualStudioVersion = 10.0.40219.1
Project("{FAE04EC0-301F-11D3-BF4B-00C04F79EFBC}") = "DynamicCardsWithAspCoreRazor", "DynamicCardsWithAspCoreRazor\DynamicCardsWithAspCoreRazor.csproj", "{DA6D1F6B-CE19-4D3D-B8C4-DC1468EA4465}"
EndProject
Global
	GlobalSection(SolutionConfigurationPlatforms) = preSolution
		Debug|Any CPU = Debug|Any CPU
		Release|Any CPU = Release|Any CPU
	EndGlobalSection
	GlobalSection(ProjectConfigurationPlatforms) = postSolution
		{DA6D1F6B-CE19-4D3D-B8C4-DC1468EA4465}.Debug|Any CPU.ActiveCfg = Debug|Any CPU
		{DA6D1F6B-CE19-4D3D-B8C4-DC1468EA4465}.Debug|Any CPU.Build.0 = Debug|Any CPU
		{DA6D1F6B-CE19-4D3D-B8C4-DC1468EA4465}.Release|Any CPU.ActiveCfg = Release|Any CPU
		{DA6D1F6B-CE19-4D3D-B8C4-DC1468EA4465}.Release|Any CPU.Build.0 = Release|Any CPU
	EndGlobalSection
	GlobalSection(SolutionProperties) = preSolution
		HideSolutionNode = FALSE
	EndGlobalSection
	GlobalSection(ExtensibilityGlobals) = postSolution
		SolutionGuid = {A5036AB0-8439-4506-92F5-0BA1BBB5B67D}
	EndGlobalSection
EndGlobal
